
Microsoft Visual Studio Solution File, Format Version 12.00
# Visual Studio 14
VisualStudioVersion = 14.0.25420.1
MinimumVisualStudioVersion = 10.0.40219.1
Project("{FAE04EC0-301F-11D3-BF4B-00C04F79EFBC}") = "UI", "CNCSG\UI\UI.csproj", "{F061A926-83EA-4808-B38C-122D28AFB894}"
EndProject
Project("{FAE04EC0-301F-11D3-BF4B-00C04F79EFBC}") = "MODEL", "CNCSG\MODEL\MODEL.csproj", "{D4F4341F-160A-49B8-A57C-8CCA25A20A64}"
EndProject
Project("{FAE04EC0-301F-11D3-BF4B-00C04F79EFBC}") = "FormTest", "CNCSG\FormTest\FormTest.csproj", "{C23A8743-3BED-432E-BEE0-3600E0980555}"
EndProject
Project("{FAE04EC0-301F-11D3-BF4B-00C04F79EFBC}") = "DAL", "CNCSG\DAL\DAL.csproj", "{35DF8F20-173A-4400-A8F4-69C9CD6B0912}"
EndProject
Project("{FAE04EC0-301F-11D3-BF4B-00C04F79EFBC}") = "COMMON", "CNCSG\COMMON\COMMON.csproj", "{2E0A9D6E-3FCE-4698-BAEE-3818B4D3BE66}"
EndProject
Project("{FAE04EC0-301F-11D3-BF4B-00C04F79EFBC}") = "BaseFrame", "Code\BaseFrame\BaseFrame.csproj", "{3F942745-8459-48F8-AC4D-A373A84BDEBD}"
EndProject
Project("{FAE04EC0-301F-11D3-BF4B-00C04F79EFBC}") = "mcApp", "Code\mcApp\mcApp.csproj", "{41D76EBB-204C-414F-B24E-C6A73701887D}"
EndProject
Project("{FAE04EC0-301F-11D3-BF4B-00C04F79EFBC}") = "xbApp", "Code\xbApp\xbApp.csproj", "{81F96BCB-95F0-4221-A5B9-60A3EF891417}"
EndProject
Project("{FAE04EC0-301F-11D3-BF4B-00C04F79EFBC}") = "HvdcProject", "Code\HvdcProject\HvdcProject.csproj", "{CFE3EE6A-07F3-4619-8416-9F8196CEB7E0}"
EndProject
Project("{FAE04EC0-301F-11D3-BF4B-00C04F79EFBC}") = "U3pApp", "Code\U3pApp\U3pApp.csproj", "{37807259-FB7A-48D1-B6C7-F188AC6A4BB3}"
EndProject
Project("{FAE04EC0-301F-11D3-BF4B-00C04F79EFBC}") = "HvdcCommon", "Code\HvdcCommon\HvdcCommon.csproj", "{7C290C39-DC74-43AF-8475-28F4A80FEB04}"
EndProject
Project("{FAE04EC0-301F-11D3-BF4B-00C04F79EFBC}") = "Test", "Code\Test\Test.csproj", "{D69D14E3-70CA-4A43-89EF-D1198585A8CA}"
EndProject
Global
	GlobalSection(SolutionConfigurationPlatforms) = preSolution
		Debug|Any CPU = Debug|Any CPU
		Release|Any CPU = Release|Any CPU
	EndGlobalSection
	GlobalSection(ProjectConfigurationPlatforms) = postSolution
		{F061A926-83EA-4808-B38C-122D28AFB894}.Debug|Any CPU.ActiveCfg = Debug|Any CPU
		{F061A926-83EA-4808-B38C-122D28AFB894}.Debug|Any CPU.Build.0 = Debug|Any CPU
		{F061A926-83EA-4808-B38C-122D28AFB894}.Release|Any CPU.ActiveCfg = Release|Any CPU
		{F061A926-83EA-4808-B38C-122D28AFB894}.Release|Any CPU.Build.0 = Release|Any CPU
		{D4F4341F-160A-49B8-A57C-8CCA25A20A64}.Debug|Any CPU.ActiveCfg = Debug|Any CPU
		{D4F4341F-160A-49B8-A57C-8CCA25A20A64}.Debug|Any CPU.Build.0 = Debug|Any CPU
		{D4F4341F-160A-49B8-A57C-8CCA25A20A64}.Release|Any CPU.ActiveCfg = Release|Any CPU
		{D4F4341F-160A-49B8-A57C-8CCA25A20A64}.Release|Any CPU.Build.0 = Release|Any CPU
		{C23A8743-3BED-432E-BEE0-3600E0980555}.Debug|Any CPU.ActiveCfg = Debug|Any CPU
		{C23A8743-3BED-432E-BEE0-3600E0980555}.Debug|Any CPU.Build.0 = Debug|Any CPU
		{C23A8743-3BED-432E-BEE0-3600E0980555}.Release|Any CPU.ActiveCfg = Release|Any CPU
		{C23A8743-3BED-432E-BEE0-3600E0980555}.Release|Any CPU.Build.0 = Release|Any CPU
		{35DF8F20-173A-4400-A8F4-69C9CD6B0912}.Debug|Any CPU.ActiveCfg = Debug|Any CPU
		{35DF8F20-173A-4400-A8F4-69C9CD6B0912}.Debug|Any CPU.Build.0 = Debug|Any CPU
		{35DF8F20-173A-4400-A8F4-69C9CD6B0912}.Release|Any CPU.ActiveCfg = Release|Any CPU
		{35DF8F20-173A-4400-A8F4-69C9CD6B0912}.Release|Any CPU.Build.0 = Release|Any CPU
		{2E0A9D6E-3FCE-4698-BAEE-3818B4D3BE66}.Debug|Any CPU.ActiveCfg = Debug|Any CPU
		{2E0A9D6E-3FCE-4698-BAEE-3818B4D3BE66}.Debug|Any CPU.Build.0 = Debug|Any CPU
		{2E0A9D6E-3FCE-4698-BAEE-3818B4D3BE66}.Release|Any CPU.ActiveCfg = Release|Any CPU
		{2E0A9D6E-3FCE-4698-BAEE-3818B4D3BE66}.Release|Any CPU.Build.0 = Release|Any CPU
		{3F942745-8459-48F8-AC4D-A373A84BDEBD}.Debug|Any CPU.ActiveCfg = Debug|Any CPU
		{3F942745-8459-48F8-AC4D-A373A84BDEBD}.Debug|Any CPU.Build.0 = Debug|Any CPU
		{3F942745-8459-48F8-AC4D-A373A84BDEBD}.Release|Any CPU.ActiveCfg = Release|Any CPU
		{3F942745-8459-48F8-AC4D-A373A84BDEBD}.Release|Any CPU.Build.0 = Release|Any CPU
		{41D76EBB-204C-414F-B24E-C6A73701887D}.Debug|Any CPU.ActiveCfg = Debug|Any CPU
		{41D76EBB-204C-414F-B24E-C6A73701887D}.Debug|Any CPU.Build.0 = Debug|Any CPU
		{41D76EBB-204C-414F-B24E-C6A73701887D}.Release|Any CPU.ActiveCfg = Release|Any CPU
		{41D76EBB-204C-414F-B24E-C6A73701887D}.Release|Any CPU.Build.0 = Release|Any CPU
		{81F96BCB-95F0-4221-A5B9-60A3EF891417}.Debug|Any CPU.ActiveCfg = Debug|Any CPU
		{81F96BCB-95F0-4221-A5B9-60A3EF891417}.Debug|Any CPU.Build.0 = Debug|Any CPU
		{81F96BCB-95F0-4221-A5B9-60A3EF891417}.Release|Any CPU.ActiveCfg = Release|Any CPU
		{81F96BCB-95F0-4221-A5B9-60A3EF891417}.Release|Any CPU.Build.0 = Release|Any CPU
		{CFE3EE6A-07F3-4619-8416-9F8196CEB7E0}.Debug|Any CPU.ActiveCfg = Debug|Any CPU
		{CFE3EE6A-07F3-4619-8416-9F8196CEB7E0}.Debug|Any CPU.Build.0 = Debug|Any CPU
		{CFE3EE6A-07F3-4619-8416-9F8196CEB7E0}.Release|Any CPU.ActiveCfg = Release|Any CPU
		{CFE3EE6A-07F3-4619-8416-9F8196CEB7E0}.Release|Any CPU.Build.0 = Release|Any CPU
		{37807259-FB7A-48D1-B6C7-F188AC6A4BB3}.Debug|Any CPU.ActiveCfg = Debug|Any CPU
		{37807259-FB7A-48D1-B6C7-F188AC6A4BB3}.Debug|Any CPU.Build.0 = Debug|Any CPU
		{37807259-FB7A-48D1-B6C7-F188AC6A4BB3}.Release|Any CPU.ActiveCfg = Release|Any CPU
		{37807259-FB7A-48D1-B6C7-F188AC6A4BB3}.Release|Any CPU.Build.0 = Release|Any CPU
		{7C290C39-DC74-43AF-8475-28F4A80FEB04}.Debug|Any CPU.ActiveCfg = Debug|Any CPU
		{7C290C39-DC74-43AF-8475-28F4A80FEB04}.Debug|Any CPU.Build.0 = Debug|Any CPU
		{7C290C39-DC74-43AF-8475-28F4A80FEB04}.Release|Any CPU.ActiveCfg = Release|Any CPU
		{7C290C39-DC74-43AF-8475-28F4A80FEB04}.Release|Any CPU.Build.0 = Release|Any CPU
		{D69D14E3-70CA-4A43-89EF-D1198585A8CA}.Debug|Any CPU.ActiveCfg = Debug|Any CPU
		{D69D14E3-70CA-4A43-89EF-D1198585A8CA}.Debug|Any CPU.Build.0 = Debug|Any CPU
		{D69D14E3-70CA-4A43-89EF-D1198585A8CA}.Release|Any CPU.ActiveCfg = Release|Any CPU
		{D69D14E3-70CA-4A43-89EF-D1198585A8CA}.Release|Any CPU.Build.0 = Release|Any CPU
	EndGlobalSection
	GlobalSection(SolutionProperties) = preSolution
		HideSolutionNode = FALSE
	EndGlobalSection
EndGlobal
